// !$*UTF8*$!
{
	archiveVersion = 1;
	classes = {
	};
	objectVersion = 56;
	objects = {

/* Begin PBXBuildFile section */
		F4311AE72AE6E3BA00097571 /* Kingfisher in Frameworks */ = {isa = PBXBuildFile; productRef = F4311AE62AE6E3BA00097571 /* Kingfisher */; };
		F43CE9CE2AE6B1E500A64629 /* TabBarController.swift in Sources */ = {isa = PBXBuildFile; fileRef = F43CE9CD2AE6B1E500A64629 /* TabBarController.swift */; };
		F44232522AF6584D00515C7A /* Extension.swift in Sources */ = {isa = PBXBuildFile; fileRef = F44232512AF6584D00515C7A /* Extension.swift */; };
		F44232552AF66A8600515C7A /* ProgressHUD in Frameworks */ = {isa = PBXBuildFile; productRef = F44232542AF66A8600515C7A /* ProgressHUD */; };
		F44232582AF66B9600515C7A /* SwiftKeychainWrapper in Frameworks */ = {isa = PBXBuildFile; productRef = F44232572AF66B9600515C7A /* SwiftKeychainWrapper */; };
		F45CB2DB2AD8018200DA5472 /* UIBlockingProgressHUD.swift in Sources */ = {isa = PBXBuildFile; fileRef = F45CB2DA2AD8018200DA5472 /* UIBlockingProgressHUD.swift */; };
		F45CB2DE2AD803F300DA5472 /* ProfileService.swift in Sources */ = {isa = PBXBuildFile; fileRef = F45CB2DD2AD803F300DA5472 /* ProfileService.swift */; };
		F45CB2E02AD8538C00DA5472 /* ProfileImageService.swift in Sources */ = {isa = PBXBuildFile; fileRef = F45CB2DF2AD8538C00DA5472 /* ProfileImageService.swift */; };
		F48C02372A9F782100B83B32 /* AppDelegate.swift in Sources */ = {isa = PBXBuildFile; fileRef = F48C02362A9F782100B83B32 /* AppDelegate.swift */; };
		F48C02392A9F782100B83B32 /* SceneDelegate.swift in Sources */ = {isa = PBXBuildFile; fileRef = F48C02382A9F782100B83B32 /* SceneDelegate.swift */; };
		F48C023B2A9F782100B83B32 /* ImagesListViewController.swift in Sources */ = {isa = PBXBuildFile; fileRef = F48C023A2A9F782100B83B32 /* ImagesListViewController.swift */; };
		F48C023E2A9F782100B83B32 /* Main.storyboard in Resources */ = {isa = PBXBuildFile; fileRef = F48C023C2A9F782100B83B32 /* Main.storyboard */; };
		F48C02402A9F782200B83B32 /* Assets.xcassets in Resources */ = {isa = PBXBuildFile; fileRef = F48C023F2A9F782200B83B32 /* Assets.xcassets */; };
		F48C02432A9F782200B83B32 /* LaunchScreen.storyboard in Resources */ = {isa = PBXBuildFile; fileRef = F48C02412A9F782200B83B32 /* LaunchScreen.storyboard */; };
		F48C026B2A9FA01300B83B32 /* ImagesListCell.swift in Sources */ = {isa = PBXBuildFile; fileRef = F48C026A2A9FA01300B83B32 /* ImagesListCell.swift */; };
		F4A09D742AF0494800A409F9 /* PhotoResult.swift in Sources */ = {isa = PBXBuildFile; fileRef = F4A09D732AF0494800A409F9 /* PhotoResult.swift */; };
		F4A09D762AF11E3100A409F9 /* Photo.swift in Sources */ = {isa = PBXBuildFile; fileRef = F4A09D752AF11E3000A409F9 /* Photo.swift */; };
		F4B216AE2ACF141700C7A19D /* Constants.swift in Sources */ = {isa = PBXBuildFile; fileRef = F4B216AD2ACF141700C7A19D /* Constants.swift */; };
		F4B216B12ACFD75200C7A19D /* AuthViewController.swift in Sources */ = {isa = PBXBuildFile; fileRef = F4B216B02ACFD75200C7A19D /* AuthViewController.swift */; };
		F4B216B32ACFD91500C7A19D /* WebViewViewController.swift in Sources */ = {isa = PBXBuildFile; fileRef = F4B216B22ACFD91500C7A19D /* WebViewViewController.swift */; };
		F4B216B62AD03CC400C7A19D /* OAuthTokenResponseBody.swift in Sources */ = {isa = PBXBuildFile; fileRef = F4B216B52AD03CC400C7A19D /* OAuthTokenResponseBody.swift */; };
		F4B216B82AD03E6000C7A19D /* OAuth2Service.swift in Sources */ = {isa = PBXBuildFile; fileRef = F4B216B72AD03E6000C7A19D /* OAuth2Service.swift */; };
		F4B216BA2AD0429600C7A19D /* OAuth2TokenStorage.swift in Sources */ = {isa = PBXBuildFile; fileRef = F4B216B92AD0429600C7A19D /* OAuth2TokenStorage.swift */; };
		F4B216BC2AD0452A00C7A19D /* SplashViewController.swift in Sources */ = {isa = PBXBuildFile; fileRef = F4B216BB2AD0452A00C7A19D /* SplashViewController.swift */; };
		F4C11E072AF003F400C82579 /* ImageListService.swift in Sources */ = {isa = PBXBuildFile; fileRef = F4C11E062AF003F400C82579 /* ImageListService.swift */; };
		F4E47E262AB9A27A00E77A82 /* ProfileViewController.swift in Sources */ = {isa = PBXBuildFile; fileRef = F4E47E252AB9A27A00E77A82 /* ProfileViewController.swift */; };
		F4E47E282AB9A5B000E77A82 /* SingleImageViewController.swift in Sources */ = {isa = PBXBuildFile; fileRef = F4E47E272AB9A5B000E77A82 /* SingleImageViewController.swift */; };
		F4E7C8F32AE1588600421AEC /* URLSession.swift in Sources */ = {isa = PBXBuildFile; fileRef = F4E7C8F22AE1588600421AEC /* URLSession.swift */; };
/* End PBXBuildFile section */

/* Begin PBXContainerItemProxy section */
		F4A09D8C2AF1208C00A409F9 /* PBXContainerItemProxy */ = {
			isa = PBXContainerItemProxy;
			containerPortal = F48C022B2A9F782100B83B32 /* Project object */;
			proxyType = 1;
			remoteGlobalIDString = F48C02322A9F782100B83B32;
			remoteInfo = ImageFeed_8_sprint;
		};
/* End PBXContainerItemProxy section */

/* Begin PBXFileReference section */
		F43CE9CD2AE6B1E500A64629 /* TabBarController.swift */ = {isa = PBXFileReference; lastKnownFileType = sourcecode.swift; path = TabBarController.swift; sourceTree = "<group>"; };
		F44232512AF6584D00515C7A /* Extension.swift */ = {isa = PBXFileReference; lastKnownFileType = sourcecode.swift; path = Extension.swift; sourceTree = "<group>"; };
		F45CB2DA2AD8018200DA5472 /* UIBlockingProgressHUD.swift */ = {isa = PBXFileReference; lastKnownFileType = sourcecode.swift; path = UIBlockingProgressHUD.swift; sourceTree = "<group>"; };
		F45CB2DD2AD803F300DA5472 /* ProfileService.swift */ = {isa = PBXFileReference; lastKnownFileType = sourcecode.swift; path = ProfileService.swift; sourceTree = "<group>"; };
		F45CB2DF2AD8538C00DA5472 /* ProfileImageService.swift */ = {isa = PBXFileReference; lastKnownFileType = sourcecode.swift; path = ProfileImageService.swift; sourceTree = "<group>"; };
		F48C02332A9F782100B83B32 /* ImageFeed_8_sprint.app */ = {isa = PBXFileReference; explicitFileType = wrapper.application; includeInIndex = 0; path = ImageFeed_8_sprint.app; sourceTree = BUILT_PRODUCTS_DIR; };
		F48C02362A9F782100B83B32 /* AppDelegate.swift */ = {isa = PBXFileReference; lastKnownFileType = sourcecode.swift; path = AppDelegate.swift; sourceTree = "<group>"; };
		F48C02382A9F782100B83B32 /* SceneDelegate.swift */ = {isa = PBXFileReference; lastKnownFileType = sourcecode.swift; path = SceneDelegate.swift; sourceTree = "<group>"; };
		F48C023A2A9F782100B83B32 /* ImagesListViewController.swift */ = {isa = PBXFileReference; lastKnownFileType = sourcecode.swift; path = ImagesListViewController.swift; sourceTree = "<group>"; };
		F48C023D2A9F782100B83B32 /* Base */ = {isa = PBXFileReference; lastKnownFileType = file.storyboard; name = Base; path = Base.lproj/Main.storyboard; sourceTree = "<group>"; };
		F48C023F2A9F782200B83B32 /* Assets.xcassets */ = {isa = PBXFileReference; lastKnownFileType = folder.assetcatalog; path = Assets.xcassets; sourceTree = "<group>"; };
		F48C02422A9F782200B83B32 /* Base */ = {isa = PBXFileReference; lastKnownFileType = file.storyboard; name = Base; path = Base.lproj/LaunchScreen.storyboard; sourceTree = "<group>"; };
		F48C02442A9F782200B83B32 /* Info.plist */ = {isa = PBXFileReference; lastKnownFileType = text.plist.xml; path = Info.plist; sourceTree = "<group>"; };
		F48C026A2A9FA01300B83B32 /* ImagesListCell.swift */ = {isa = PBXFileReference; lastKnownFileType = sourcecode.swift; path = ImagesListCell.swift; sourceTree = "<group>"; };
		F4A09D732AF0494800A409F9 /* PhotoResult.swift */ = {isa = PBXFileReference; lastKnownFileType = sourcecode.swift; path = PhotoResult.swift; sourceTree = "<group>"; };
		F4A09D752AF11E3000A409F9 /* Photo.swift */ = {isa = PBXFileReference; lastKnownFileType = sourcecode.swift; path = Photo.swift; sourceTree = "<group>"; };
		F4A09D882AF1208C00A409F9 /* Image FeedTests.xctest */ = {isa = PBXFileReference; explicitFileType = wrapper.cfbundle; includeInIndex = 0; path = "Image FeedTests.xctest"; sourceTree = BUILT_PRODUCTS_DIR; };
		F4B216AD2ACF141700C7A19D /* Constants.swift */ = {isa = PBXFileReference; lastKnownFileType = sourcecode.swift; path = Constants.swift; sourceTree = "<group>"; };
		F4B216B02ACFD75200C7A19D /* AuthViewController.swift */ = {isa = PBXFileReference; lastKnownFileType = sourcecode.swift; path = AuthViewController.swift; sourceTree = "<group>"; };
		F4B216B22ACFD91500C7A19D /* WebViewViewController.swift */ = {isa = PBXFileReference; lastKnownFileType = sourcecode.swift; path = WebViewViewController.swift; sourceTree = "<group>"; };
		F4B216B52AD03CC400C7A19D /* OAuthTokenResponseBody.swift */ = {isa = PBXFileReference; lastKnownFileType = sourcecode.swift; path = OAuthTokenResponseBody.swift; sourceTree = "<group>"; };
		F4B216B72AD03E6000C7A19D /* OAuth2Service.swift */ = {isa = PBXFileReference; lastKnownFileType = sourcecode.swift; path = OAuth2Service.swift; sourceTree = "<group>"; };
		F4B216B92AD0429600C7A19D /* OAuth2TokenStorage.swift */ = {isa = PBXFileReference; lastKnownFileType = sourcecode.swift; path = OAuth2TokenStorage.swift; sourceTree = "<group>"; };
		F4B216BB2AD0452A00C7A19D /* SplashViewController.swift */ = {isa = PBXFileReference; lastKnownFileType = sourcecode.swift; path = SplashViewController.swift; sourceTree = "<group>"; };
		F4C11E062AF003F400C82579 /* ImageListService.swift */ = {isa = PBXFileReference; lastKnownFileType = sourcecode.swift; path = ImageListService.swift; sourceTree = "<group>"; };
		F4E47E252AB9A27A00E77A82 /* ProfileViewController.swift */ = {isa = PBXFileReference; lastKnownFileType = sourcecode.swift; path = ProfileViewController.swift; sourceTree = "<group>"; };
		F4E47E272AB9A5B000E77A82 /* SingleImageViewController.swift */ = {isa = PBXFileReference; lastKnownFileType = sourcecode.swift; path = SingleImageViewController.swift; sourceTree = "<group>"; };
		F4E7C8F22AE1588600421AEC /* URLSession.swift */ = {isa = PBXFileReference; lastKnownFileType = sourcecode.swift; path = URLSession.swift; sourceTree = "<group>"; };
/* End PBXFileReference section */

/* Begin PBXFrameworksBuildPhase section */
		F48C02302A9F782100B83B32 /* Frameworks */ = {
			isa = PBXFrameworksBuildPhase;
			buildActionMask = 2147483647;
			files = (
				F44232552AF66A8600515C7A /* ProgressHUD in Frameworks */,
				F4311AE72AE6E3BA00097571 /* Kingfisher in Frameworks */,
				F44232582AF66B9600515C7A /* SwiftKeychainWrapper in Frameworks */,
			);
			runOnlyForDeploymentPostprocessing = 0;
		};
		F4A09D852AF1208C00A409F9 /* Frameworks */ = {
			isa = PBXFrameworksBuildPhase;
			buildActionMask = 2147483647;
			files = (
			);
			runOnlyForDeploymentPostprocessing = 0;
		};
/* End PBXFrameworksBuildPhase section */

/* Begin PBXGroup section */
		F43CE9CC2AE6B1CF00A64629 /* TabBarController */ = {
			isa = PBXGroup;
			children = (
				F43CE9CD2AE6B1E500A64629 /* TabBarController.swift */,
			);
			path = TabBarController;
			sourceTree = "<group>";
		};
		F48C022A2A9F782100B83B32 = {
			isa = PBXGroup;
			children = (
				F48C02352A9F782100B83B32 /* ImageFeed_8_sprint */,
				F48C02342A9F782100B83B32 /* Products */,
			);
			sourceTree = "<group>";
		};
		F48C02342A9F782100B83B32 /* Products */ = {
			isa = PBXGroup;
			children = (
				F48C02332A9F782100B83B32 /* ImageFeed_8_sprint.app */,
				F4A09D882AF1208C00A409F9 /* Image FeedTests.xctest */,
			);
			name = Products;
			sourceTree = "<group>";
		};
		F48C02352A9F782100B83B32 /* ImageFeed_8_sprint */ = {
			isa = PBXGroup;
			children = (
				F48C02362A9F782100B83B32 /* AppDelegate.swift */,
				F48C02382A9F782100B83B32 /* SceneDelegate.swift */,
				F45CB2DA2AD8018200DA5472 /* UIBlockingProgressHUD.swift */,
				F4B216AD2ACF141700C7A19D /* Constants.swift */,
				F44232512AF6584D00515C7A /* Extension.swift */,
				F4C11E052AF003E700C82579 /* ImageList */,
				F4E47E292AB9B21000E77A82 /* Profile */,
				F48C026C2A9FA03900B83B32 /* ImagesList */,
				F4E47E2A2AB9B21D00E77A82 /* SingleImageView */,
				F4B216AF2ACFD73700C7A19D /* Auth */,
				F4B216B42AD03CA700C7A19D /* OAuth2 */,
				F43CE9CC2AE6B1CF00A64629 /* TabBarController */,
				F48C023C2A9F782100B83B32 /* Main.storyboard */,
				F48C023F2A9F782200B83B32 /* Assets.xcassets */,
				F48C02412A9F782200B83B32 /* LaunchScreen.storyboard */,
				F48C02442A9F782200B83B32 /* Info.plist */,
			);
			path = ImageFeed_8_sprint;
			sourceTree = "<group>";
		};
		F48C026C2A9FA03900B83B32 /* ImagesList */ = {
			isa = PBXGroup;
			children = (
			);
			path = ImagesList;
			sourceTree = "<group>";
		};
		F4B216AF2ACFD73700C7A19D /* Auth */ = {
			isa = PBXGroup;
			children = (
				F4B216B02ACFD75200C7A19D /* AuthViewController.swift */,
				F4B216B22ACFD91500C7A19D /* WebViewViewController.swift */,
				F4B216BB2AD0452A00C7A19D /* SplashViewController.swift */,
			);
			path = Auth;
			sourceTree = "<group>";
		};
		F4B216B42AD03CA700C7A19D /* OAuth2 */ = {
			isa = PBXGroup;
			children = (
				F4B216B72AD03E6000C7A19D /* OAuth2Service.swift */,
				F4B216B52AD03CC400C7A19D /* OAuthTokenResponseBody.swift */,
				F4B216B92AD0429600C7A19D /* OAuth2TokenStorage.swift */,
				F4E7C8F22AE1588600421AEC /* URLSession.swift */,
			);
			path = OAuth2;
			sourceTree = "<group>";
		};
		F4C11E052AF003E700C82579 /* ImageList */ = {
			isa = PBXGroup;
			children = (
				F48C023A2A9F782100B83B32 /* ImagesListViewController.swift */,
				F48C026A2A9FA01300B83B32 /* ImagesListCell.swift */,
				F4C11E062AF003F400C82579 /* ImageListService.swift */,
				F4A09D732AF0494800A409F9 /* PhotoResult.swift */,
				F4A09D752AF11E3000A409F9 /* Photo.swift */,
			);
			path = ImageList;
			sourceTree = "<group>";
		};
		F4E47E292AB9B21000E77A82 /* Profile */ = {
			isa = PBXGroup;
			children = (
				F4E47E252AB9A27A00E77A82 /* ProfileViewController.swift */,
				F45CB2DD2AD803F300DA5472 /* ProfileService.swift */,
				F45CB2DF2AD8538C00DA5472 /* ProfileImageService.swift */,
			);
			path = Profile;
			sourceTree = "<group>";
		};
		F4E47E2A2AB9B21D00E77A82 /* SingleImageView */ = {
			isa = PBXGroup;
			children = (
				F4E47E272AB9A5B000E77A82 /* SingleImageViewController.swift */,
			);
			path = SingleImageView;
			sourceTree = "<group>";
		};
/* End PBXGroup section */

/* Begin PBXNativeTarget section */
		F48C02322A9F782100B83B32 /* ImageFeed_8_sprint */ = {
			isa = PBXNativeTarget;
			buildConfigurationList = F48C02472A9F782200B83B32 /* Build configuration list for PBXNativeTarget "ImageFeed_8_sprint" */;
			buildPhases = (
				F48C022F2A9F782100B83B32 /* Sources */,
				F48C02302A9F782100B83B32 /* Frameworks */,
				F48C02312A9F782100B83B32 /* Resources */,
			);
			buildRules = (
			);
			dependencies = (
			);
			name = ImageFeed_8_sprint;
			packageProductDependencies = (
				F4311AE62AE6E3BA00097571 /* Kingfisher */,
				F44232542AF66A8600515C7A /* ProgressHUD */,
				F44232572AF66B9600515C7A /* SwiftKeychainWrapper */,
			);
			productName = ImageFeed_8_sprint;
			productReference = F48C02332A9F782100B83B32 /* ImageFeed_8_sprint.app */;
			productType = "com.apple.product-type.application";
		};
		F4A09D872AF1208C00A409F9 /* Image FeedTests */ = {
			isa = PBXNativeTarget;
			buildConfigurationList = F4A09D8E2AF1208C00A409F9 /* Build configuration list for PBXNativeTarget "Image FeedTests" */;
			buildPhases = (
				F4A09D842AF1208C00A409F9 /* Sources */,
				F4A09D852AF1208C00A409F9 /* Frameworks */,
				F4A09D862AF1208C00A409F9 /* Resources */,
			);
			buildRules = (
			);
			dependencies = (
				F4A09D8D2AF1208C00A409F9 /* PBXTargetDependency */,
			);
			name = "Image FeedTests";
			productName = "Image FeedTests";
			productReference = F4A09D882AF1208C00A409F9 /* Image FeedTests.xctest */;
			productType = "com.apple.product-type.bundle.unit-test";
		};
/* End PBXNativeTarget section */

/* Begin PBXProject section */
		F48C022B2A9F782100B83B32 /* Project object */ = {
			isa = PBXProject;
			attributes = {
				BuildIndependentTargetsInParallel = 1;
				LastSwiftUpdateCheck = 1430;
				LastUpgradeCheck = 1430;
				TargetAttributes = {
					F48C02322A9F782100B83B32 = {
						CreatedOnToolsVersion = 14.3.1;
					};
					F4A09D872AF1208C00A409F9 = {
						CreatedOnToolsVersion = 14.3.1;
						TestTargetID = F48C02322A9F782100B83B32;
					};
				};
			};
			buildConfigurationList = F48C022E2A9F782100B83B32 /* Build configuration list for PBXProject "ImageFeed_8_sprint" */;
			compatibilityVersion = "Xcode 14.0";
			developmentRegion = en;
			hasScannedForEncodings = 0;
			knownRegions = (
				en,
				Base,
			);
			mainGroup = F48C022A2A9F782100B83B32;
			packageReferences = (
				F4311AE52AE6E3BA00097571 /* XCRemoteSwiftPackageReference "Kingfisher" */,
				F44232532AF66A8600515C7A /* XCRemoteSwiftPackageReference "ProgressHUD" */,
				F44232562AF66B9600515C7A /* XCRemoteSwiftPackageReference "SwiftKeychainWrapper" */,
			);
			productRefGroup = F48C02342A9F782100B83B32 /* Products */;
			projectDirPath = "";
			projectRoot = "";
			targets = (
				F48C02322A9F782100B83B32 /* ImageFeed_8_sprint */,
				F4A09D872AF1208C00A409F9 /* Image FeedTests */,
			);
		};
/* End PBXProject section */

/* Begin PBXResourcesBuildPhase section */
		F48C02312A9F782100B83B32 /* Resources */ = {
			isa = PBXResourcesBuildPhase;
			buildActionMask = 2147483647;
			files = (
				F48C02432A9F782200B83B32 /* LaunchScreen.storyboard in Resources */,
				F48C02402A9F782200B83B32 /* Assets.xcassets in Resources */,
				F48C023E2A9F782100B83B32 /* Main.storyboard in Resources */,
			);
			runOnlyForDeploymentPostprocessing = 0;
		};
		F4A09D862AF1208C00A409F9 /* Resources */ = {
			isa = PBXResourcesBuildPhase;
			buildActionMask = 2147483647;
			files = (
			);
			runOnlyForDeploymentPostprocessing = 0;
		};
/* End PBXResourcesBuildPhase section */

/* Begin PBXSourcesBuildPhase section */
		F48C022F2A9F782100B83B32 /* Sources */ = {
			isa = PBXSourcesBuildPhase;
			buildActionMask = 2147483647;
			files = (
				F4B216BA2AD0429600C7A19D /* OAuth2TokenStorage.swift in Sources */,
				F4A09D742AF0494800A409F9 /* PhotoResult.swift in Sources */,
				F45CB2DE2AD803F300DA5472 /* ProfileService.swift in Sources */,
				F48C023B2A9F782100B83B32 /* ImagesListViewController.swift in Sources */,
				F43CE9CE2AE6B1E500A64629 /* TabBarController.swift in Sources */,
				F4E7C8F32AE1588600421AEC /* URLSession.swift in Sources */,
				F4A09D762AF11E3100A409F9 /* Photo.swift in Sources */,
				F44232522AF6584D00515C7A /* Extension.swift in Sources */,
				F48C026B2A9FA01300B83B32 /* ImagesListCell.swift in Sources */,
				F4E47E262AB9A27A00E77A82 /* ProfileViewController.swift in Sources */,
				F48C02372A9F782100B83B32 /* AppDelegate.swift in Sources */,
				F45CB2E02AD8538C00DA5472 /* ProfileImageService.swift in Sources */,
				F4B216B82AD03E6000C7A19D /* OAuth2Service.swift in Sources */,
				F4B216BC2AD0452A00C7A19D /* SplashViewController.swift in Sources */,
				F4B216B62AD03CC400C7A19D /* OAuthTokenResponseBody.swift in Sources */,
				F45CB2DB2AD8018200DA5472 /* UIBlockingProgressHUD.swift in Sources */,
				F4B216B12ACFD75200C7A19D /* AuthViewController.swift in Sources */,
				F4B216AE2ACF141700C7A19D /* Constants.swift in Sources */,
				F4E47E282AB9A5B000E77A82 /* SingleImageViewController.swift in Sources */,
				F4B216B32ACFD91500C7A19D /* WebViewViewController.swift in Sources */,
				F48C02392A9F782100B83B32 /* SceneDelegate.swift in Sources */,
				F4C11E072AF003F400C82579 /* ImageListService.swift in Sources */,
			);
			runOnlyForDeploymentPostprocessing = 0;
		};
		F4A09D842AF1208C00A409F9 /* Sources */ = {
			isa = PBXSourcesBuildPhase;
			buildActionMask = 2147483647;
			files = (
			);
			runOnlyForDeploymentPostprocessing = 0;
		};
/* End PBXSourcesBuildPhase section */

/* Begin PBXTargetDependency section */
		F4A09D8D2AF1208C00A409F9 /* PBXTargetDependency */ = {
			isa = PBXTargetDependency;
			target = F48C02322A9F782100B83B32 /* ImageFeed_8_sprint */;
			targetProxy = F4A09D8C2AF1208C00A409F9 /* PBXContainerItemProxy */;
		};
/* End PBXTargetDependency section */

/* Begin PBXVariantGroup section */
		F48C023C2A9F782100B83B32 /* Main.storyboard */ = {
			isa = PBXVariantGroup;
			children = (
				F48C023D2A9F782100B83B32 /* Base */,
			);
			name = Main.storyboard;
			sourceTree = "<group>";
		};
		F48C02412A9F782200B83B32 /* LaunchScreen.storyboard */ = {
			isa = PBXVariantGroup;
			children = (
				F48C02422A9F782200B83B32 /* Base */,
			);
			name = LaunchScreen.storyboard;
			sourceTree = "<group>";
		};
/* End PBXVariantGroup section */

/* Begin XCBuildConfiguration section */
		F48C02452A9F782200B83B32 /* Debug */ = {
			isa = XCBuildConfiguration;
			buildSettings = {
				ALWAYS_SEARCH_USER_PATHS = NO;
				CLANG_ANALYZER_NONNULL = YES;
				CLANG_ANALYZER_NUMBER_OBJECT_CONVERSION = YES_AGGRESSIVE;
				CLANG_CXX_LANGUAGE_STANDARD = "gnu++20";
				CLANG_ENABLE_MODULES = YES;
				CLANG_ENABLE_OBJC_ARC = YES;
				CLANG_ENABLE_OBJC_WEAK = YES;
				CLANG_WARN_BLOCK_CAPTURE_AUTORELEASING = YES;
				CLANG_WARN_BOOL_CONVERSION = YES;
				CLANG_WARN_COMMA = YES;
				CLANG_WARN_CONSTANT_CONVERSION = YES;
				CLANG_WARN_DEPRECATED_OBJC_IMPLEMENTATIONS = YES;
				CLANG_WARN_DIRECT_OBJC_ISA_USAGE = YES_ERROR;
				CLANG_WARN_DOCUMENTATION_COMMENTS = YES;
				CLANG_WARN_EMPTY_BODY = YES;
				CLANG_WARN_ENUM_CONVERSION = YES;
				CLANG_WARN_INFINITE_RECURSION = YES;
				CLANG_WARN_INT_CONVERSION = YES;
				CLANG_WARN_NON_LITERAL_NULL_CONVERSION = YES;
				CLANG_WARN_OBJC_IMPLICIT_RETAIN_SELF = YES;
				CLANG_WARN_OBJC_LITERAL_CONVERSION = YES;
				CLANG_WARN_OBJC_ROOT_CLASS = YES_ERROR;
				CLANG_WARN_QUOTED_INCLUDE_IN_FRAMEWORK_HEADER = YES;
				CLANG_WARN_RANGE_LOOP_ANALYSIS = YES;
				CLANG_WARN_STRICT_PROTOTYPES = YES;
				CLANG_WARN_SUSPICIOUS_MOVE = YES;
				CLANG_WARN_UNGUARDED_AVAILABILITY = YES_AGGRESSIVE;
				CLANG_WARN_UNREACHABLE_CODE = YES;
				CLANG_WARN__DUPLICATE_METHOD_MATCH = YES;
				COPY_PHASE_STRIP = NO;
				DEBUG_INFORMATION_FORMAT = dwarf;
				ENABLE_STRICT_OBJC_MSGSEND = YES;
				ENABLE_TESTABILITY = YES;
				GCC_C_LANGUAGE_STANDARD = gnu11;
				GCC_DYNAMIC_NO_PIC = NO;
				GCC_NO_COMMON_BLOCKS = YES;
				GCC_OPTIMIZATION_LEVEL = 0;
				GCC_PREPROCESSOR_DEFINITIONS = (
					"DEBUG=1",
					"$(inherited)",
				);
				GCC_WARN_64_TO_32_BIT_CONVERSION = YES;
				GCC_WARN_ABOUT_RETURN_TYPE = YES_ERROR;
				GCC_WARN_UNDECLARED_SELECTOR = YES;
				GCC_WARN_UNINITIALIZED_AUTOS = YES_AGGRESSIVE;
				GCC_WARN_UNUSED_FUNCTION = YES;
				GCC_WARN_UNUSED_VARIABLE = YES;
				IPHONEOS_DEPLOYMENT_TARGET = 13.0;
				MTL_ENABLE_DEBUG_INFO = INCLUDE_SOURCE;
				MTL_FAST_MATH = YES;
				ONLY_ACTIVE_ARCH = YES;
				SDKROOT = iphoneos;
				SWIFT_ACTIVE_COMPILATION_CONDITIONS = DEBUG;
				SWIFT_OPTIMIZATION_LEVEL = "-Onone";
			};
			name = Debug;
		};
		F48C02462A9F782200B83B32 /* Release */ = {
			isa = XCBuildConfiguration;
			buildSettings = {
				ALWAYS_SEARCH_USER_PATHS = NO;
				CLANG_ANALYZER_NONNULL = YES;
				CLANG_ANALYZER_NUMBER_OBJECT_CONVERSION = YES_AGGRESSIVE;
				CLANG_CXX_LANGUAGE_STANDARD = "gnu++20";
				CLANG_ENABLE_MODULES = YES;
				CLANG_ENABLE_OBJC_ARC = YES;
				CLANG_ENABLE_OBJC_WEAK = YES;
				CLANG_WARN_BLOCK_CAPTURE_AUTORELEASING = YES;
				CLANG_WARN_BOOL_CONVERSION = YES;
				CLANG_WARN_COMMA = YES;
				CLANG_WARN_CONSTANT_CONVERSION = YES;
				CLANG_WARN_DEPRECATED_OBJC_IMPLEMENTATIONS = YES;
				CLANG_WARN_DIRECT_OBJC_ISA_USAGE = YES_ERROR;
				CLANG_WARN_DOCUMENTATION_COMMENTS = YES;
				CLANG_WARN_EMPTY_BODY = YES;
				CLANG_WARN_ENUM_CONVERSION = YES;
				CLANG_WARN_INFINITE_RECURSION = YES;
				CLANG_WARN_INT_CONVERSION = YES;
				CLANG_WARN_NON_LITERAL_NULL_CONVERSION = YES;
				CLANG_WARN_OBJC_IMPLICIT_RETAIN_SELF = YES;
				CLANG_WARN_OBJC_LITERAL_CONVERSION = YES;
				CLANG_WARN_OBJC_ROOT_CLASS = YES_ERROR;
				CLANG_WARN_QUOTED_INCLUDE_IN_FRAMEWORK_HEADER = YES;
				CLANG_WARN_RANGE_LOOP_ANALYSIS = YES;
				CLANG_WARN_STRICT_PROTOTYPES = YES;
				CLANG_WARN_SUSPICIOUS_MOVE = YES;
				CLANG_WARN_UNGUARDED_AVAILABILITY = YES_AGGRESSIVE;
				CLANG_WARN_UNREACHABLE_CODE = YES;
				CLANG_WARN__DUPLICATE_METHOD_MATCH = YES;
				COPY_PHASE_STRIP = NO;
				DEBUG_INFORMATION_FORMAT = "dwarf-with-dsym";
				ENABLE_NS_ASSERTIONS = NO;
				ENABLE_STRICT_OBJC_MSGSEND = YES;
				GCC_C_LANGUAGE_STANDARD = gnu11;
				GCC_NO_COMMON_BLOCKS = YES;
				GCC_WARN_64_TO_32_BIT_CONVERSION = YES;
				GCC_WARN_ABOUT_RETURN_TYPE = YES_ERROR;
				GCC_WARN_UNDECLARED_SELECTOR = YES;
				GCC_WARN_UNINITIALIZED_AUTOS = YES_AGGRESSIVE;
				GCC_WARN_UNUSED_FUNCTION = YES;
				GCC_WARN_UNUSED_VARIABLE = YES;
				IPHONEOS_DEPLOYMENT_TARGET = 13.0;
				MTL_ENABLE_DEBUG_INFO = NO;
				MTL_FAST_MATH = YES;
				SDKROOT = iphoneos;
				SWIFT_COMPILATION_MODE = wholemodule;
				SWIFT_OPTIMIZATION_LEVEL = "-O";
				VALIDATE_PRODUCT = YES;
			};
			name = Release;
		};
		F48C02482A9F782200B83B32 /* Debug */ = {
			isa = XCBuildConfiguration;
			buildSettings = {
				ASSETCATALOG_COMPILER_APPICON_NAME = AppIcon;
				ASSETCATALOG_COMPILER_GLOBAL_ACCENT_COLOR_NAME = AccentColor;
				CODE_SIGN_STYLE = Automatic;
				CURRENT_PROJECT_VERSION = 1;
				DEVELOPMENT_TEAM = 66QMN95M53;
				GENERATE_INFOPLIST_FILE = YES;
				INFOPLIST_FILE = ImageFeed_8_sprint/Info.plist;
				INFOPLIST_KEY_UIApplicationSupportsIndirectInputEvents = YES;
				INFOPLIST_KEY_UILaunchStoryboardName = LaunchScreen;
				INFOPLIST_KEY_UIMainStoryboardFile = Main;
				INFOPLIST_KEY_UISupportedInterfaceOrientations = UIInterfaceOrientationPortrait;
				INFOPLIST_KEY_UISupportedInterfaceOrientations_iPad = "UIInterfaceOrientationLandscapeLeft UIInterfaceOrientationLandscapeRight UIInterfaceOrientationPortrait UIInterfaceOrientationPortraitUpsideDown";
				IPHONEOS_DEPLOYMENT_TARGET = 13.0;
				LD_RUNPATH_SEARCH_PATHS = (
					"$(inherited)",
					"@executable_path/Frameworks",
				);
				MARKETING_VERSION = 1.0;
				PRODUCT_BUNDLE_IDENTIFIER = "ru.anex.practicum.ImageFeed-8-sprint";
				PRODUCT_NAME = "$(TARGET_NAME)";
				SUPPORTED_PLATFORMS = "iphoneos iphonesimulator";
				SUPPORTS_MACCATALYST = NO;
				SUPPORTS_MAC_DESIGNED_FOR_IPHONE_IPAD = YES;
				SWIFT_EMIT_LOC_STRINGS = YES;
				SWIFT_VERSION = 5.0;
				TARGETED_DEVICE_FAMILY = 1;
			};
			name = Debug;
		};
		F48C02492A9F782200B83B32 /* Release */ = {
			isa = XCBuildConfiguration;
			buildSettings = {
				ASSETCATALOG_COMPILER_APPICON_NAME = AppIcon;
				ASSETCATALOG_COMPILER_GLOBAL_ACCENT_COLOR_NAME = AccentColor;
				CODE_SIGN_STYLE = Automatic;
				CURRENT_PROJECT_VERSION = 1;
				DEVELOPMENT_TEAM = 66QMN95M53;
				GENERATE_INFOPLIST_FILE = YES;
				INFOPLIST_FILE = ImageFeed_8_sprint/Info.plist;
				INFOPLIST_KEY_UIApplicationSupportsIndirectInputEvents = YES;
				INFOPLIST_KEY_UILaunchStoryboardName = LaunchScreen;
				INFOPLIST_KEY_UIMainStoryboardFile = Main;
				INFOPLIST_KEY_UISupportedInterfaceOrientations = UIInterfaceOrientationPortrait;
				INFOPLIST_KEY_UISupportedInterfaceOrientations_iPad = "UIInterfaceOrientationLandscapeLeft UIInterfaceOrientationLandscapeRight UIInterfaceOrientationPortrait UIInterfaceOrientationPortraitUpsideDown";
				IPHONEOS_DEPLOYMENT_TARGET = 13.0;
				LD_RUNPATH_SEARCH_PATHS = (
					"$(inherited)",
					"@executable_path/Frameworks",
				);
				MARKETING_VERSION = 1.0;
				PRODUCT_BUNDLE_IDENTIFIER = "ru.anex.practicum.ImageFeed-8-sprint";
				PRODUCT_NAME = "$(TARGET_NAME)";
				SUPPORTED_PLATFORMS = "iphoneos iphonesimulator";
				SUPPORTS_MACCATALYST = NO;
				SUPPORTS_MAC_DESIGNED_FOR_IPHONE_IPAD = YES;
				SWIFT_EMIT_LOC_STRINGS = YES;
				SWIFT_VERSION = 5.0;
				TARGETED_DEVICE_FAMILY = 1;
			};
			name = Release;
		};
		F4A09D8F2AF1208C00A409F9 /* Debug */ = {
			isa = XCBuildConfiguration;
			buildSettings = {
				BUNDLE_LOADER = "$(TEST_HOST)";
				CODE_SIGN_STYLE = Automatic;
				CURRENT_PROJECT_VERSION = 1;
				DEVELOPMENT_TEAM = 66QMN95M53;
				GENERATE_INFOPLIST_FILE = YES;
				IPHONEOS_DEPLOYMENT_TARGET = 16.4;
				MARKETING_VERSION = 1.0;
				PRODUCT_BUNDLE_IDENTIFIER = "dlyaSebya.Image-FeedTests";
				PRODUCT_NAME = "$(TARGET_NAME)";
				SWIFT_EMIT_LOC_STRINGS = NO;
				SWIFT_VERSION = 5.0;
				TARGETED_DEVICE_FAMILY = "1,2";
				TEST_HOST = "$(BUILT_PRODUCTS_DIR)/ImageFeed_8_sprint.app/$(BUNDLE_EXECUTABLE_FOLDER_PATH)/ImageFeed_8_sprint";
			};
			name = Debug;
		};
		F4A09D902AF1208C00A409F9 /* Release */ = {
			isa = XCBuildConfiguration;
			buildSettings = {
				BUNDLE_LOADER = "$(TEST_HOST)";
				CODE_SIGN_STYLE = Automatic;
				CURRENT_PROJECT_VERSION = 1;
				DEVELOPMENT_TEAM = 66QMN95M53;
				GENERATE_INFOPLIST_FILE = YES;
				IPHONEOS_DEPLOYMENT_TARGET = 16.4;
				MARKETING_VERSION = 1.0;
				PRODUCT_BUNDLE_IDENTIFIER = "dlyaSebya.Image-FeedTests";
				PRODUCT_NAME = "$(TARGET_NAME)";
				SWIFT_EMIT_LOC_STRINGS = NO;
				SWIFT_VERSION = 5.0;
				TARGETED_DEVICE_FAMILY = "1,2";
				TEST_HOST = "$(BUILT_PRODUCTS_DIR)/ImageFeed_8_sprint.app/$(BUNDLE_EXECUTABLE_FOLDER_PATH)/ImageFeed_8_sprint";
			};
			name = Release;
		};
/* End XCBuildConfiguration section */

/* Begin XCConfigurationList section */
		F48C022E2A9F782100B83B32 /* Build configuration list for PBXProject "ImageFeed_8_sprint" */ = {
			isa = XCConfigurationList;
			buildConfigurations = (
				F48C02452A9F782200B83B32 /* Debug */,
				F48C02462A9F782200B83B32 /* Release */,
			);
			defaultConfigurationIsVisible = 0;
			defaultConfigurationName = Release;
		};
		F48C02472A9F782200B83B32 /* Build configuration list for PBXNativeTarget "ImageFeed_8_sprint" */ = {
			isa = XCConfigurationList;
			buildConfigurations = (
				F48C02482A9F782200B83B32 /* Debug */,
				F48C02492A9F782200B83B32 /* Release */,
			);
			defaultConfigurationIsVisible = 0;
			defaultConfigurationName = Release;
		};
		F4A09D8E2AF1208C00A409F9 /* Build configuration list for PBXNativeTarget "Image FeedTests" */ = {
			isa = XCConfigurationList;
			buildConfigurations = (
				F4A09D8F2AF1208C00A409F9 /* Debug */,
				F4A09D902AF1208C00A409F9 /* Release */,
			);
			defaultConfigurationIsVisible = 0;
			defaultConfigurationName = Release;
		};
/* End XCConfigurationList section */

/* Begin XCRemoteSwiftPackageReference section */
		F4311AE52AE6E3BA00097571 /* XCRemoteSwiftPackageReference "Kingfisher" */ = {
			isa = XCRemoteSwiftPackageReference;
			repositoryURL = "https://github.com/onevcat/Kingfisher.git";
			requirement = {
				kind = upToNextMajorVersion;
				minimumVersion = 7.0.0;
			};
		};
		F44232532AF66A8600515C7A /* XCRemoteSwiftPackageReference "ProgressHUD" */ = {
			isa = XCRemoteSwiftPackageReference;
			repositoryURL = "https://github.com/relatedcode/ProgressHUD.git";
			requirement = {
				kind = upToNextMajorVersion;
				minimumVersion = 13.8.6;
			};
		};
		F44232562AF66B9600515C7A /* XCRemoteSwiftPackageReference "SwiftKeychainWrapper" */ = {
			isa = XCRemoteSwiftPackageReference;
			repositoryURL = "https://github.com/jrendel/SwiftKeychainWrapper.git";
			requirement = {
				kind = upToNextMajorVersion;
				minimumVersion = 4.0.0;
			};
		};
/* End XCRemoteSwiftPackageReference section */

/* Begin XCSwiftPackageProductDependency section */
		F4311AE62AE6E3BA00097571 /* Kingfisher */ = {
			isa = XCSwiftPackageProductDependency;
			package = F4311AE52AE6E3BA00097571 /* XCRemoteSwiftPackageReference "Kingfisher" */;
			productName = Kingfisher;
		};
		F44232542AF66A8600515C7A /* ProgressHUD */ = {
			isa = XCSwiftPackageProductDependency;
			package = F44232532AF66A8600515C7A /* XCRemoteSwiftPackageReference "ProgressHUD" */;
			productName = ProgressHUD;
		};
		F44232572AF66B9600515C7A /* SwiftKeychainWrapper */ = {
			isa = XCSwiftPackageProductDependency;
			package = F44232562AF66B9600515C7A /* XCRemoteSwiftPackageReference "SwiftKeychainWrapper" */;
			productName = SwiftKeychainWrapper;
		};
/* End XCSwiftPackageProductDependency section */
	};
	rootObject = F48C022B2A9F782100B83B32 /* Project object */;
}
